
Microsoft Visual Studio Solution File, Format Version 12.00
# Visual Studio Version 17
VisualStudioVersion = 17.1.32104.313
MinimumVisualStudioVersion = 10.0.40219.1
Project("{FAE04EC0-301F-11D3-BF4B-00C04F79EFBC}") = "JsPack.App", "JsPack.App\JsPack.App.csproj", "{97D9BABE-6E20-498F-A0C5-CC21CB2AFCC7}"
EndProject
Project("{FAE04EC0-301F-11D3-BF4B-00C04F79EFBC}") = "JsPack.Core", "JsPack.Core\JsPack.Core.csproj", "{535156FF-7667-4EF3-ADBC-AEEBBB6D5724}"
EndProject
Global
	GlobalSection(SolutionConfigurationPlatforms) = preSolution
		Debug|Any CPU = Debug|Any CPU
		Release|Any CPU = Release|Any CPU
	EndGlobalSection
	GlobalSection(ProjectConfigurationPlatforms) = postSolution
		{97D9BABE-6E20-498F-A0C5-CC21CB2AFCC7}.Debug|Any CPU.ActiveCfg = Debug|Any CPU
		{97D9BABE-6E20-498F-A0C5-CC21CB2AFCC7}.Debug|Any CPU.Build.0 = Debug|Any CPU
		{97D9BABE-6E20-498F-A0C5-CC21CB2AFCC7}.Release|Any CPU.ActiveCfg = Release|Any CPU
		{97D9BABE-6E20-498F-A0C5-CC21CB2AFCC7}.Release|Any CPU.Build.0 = Release|Any CPU
		{535156FF-7667-4EF3-ADBC-AEEBBB6D5724}.Debug|Any CPU.ActiveCfg = Debug|Any CPU
		{535156FF-7667-4EF3-ADBC-AEEBBB6D5724}.Debug|Any CPU.Build.0 = Debug|Any CPU
		{535156FF-7667-4EF3-ADBC-AEEBBB6D5724}.Release|Any CPU.ActiveCfg = Release|Any CPU
		{535156FF-7667-4EF3-ADBC-AEEBBB6D5724}.Release|Any CPU.Build.0 = Release|Any CPU
	EndGlobalSection
	GlobalSection(SolutionProperties) = preSolution
		HideSolutionNode = FALSE
	EndGlobalSection
	GlobalSection(ExtensibilityGlobals) = postSolution
		SolutionGuid = {BE8299AE-5343-4D03-9902-CE8C2F810493}
	EndGlobalSection
EndGlobal
